
Microsoft Visual Studio Solution File, Format Version 12.00
# Visual Studio Version 17
VisualStudioVersion = 17.2.32630.192
MinimumVisualStudioVersion = 10.0.40219.1
Project("{FAE04EC0-301F-11D3-BF4B-00C04F79EFBC}") = "ToDoApplication_MVC", "ToDoApplication_MVC.csproj", "{2F6BE947-CD69-4559-B387-9B1F49105EC2}"
EndProject
Global
	GlobalSection(SolutionConfigurationPlatforms) = preSolution
		Debug|Any CPU = Debug|Any CPU
		Release|Any CPU = Release|Any CPU
	EndGlobalSection
	GlobalSection(ProjectConfigurationPlatforms) = postSolution
		{2F6BE947-CD69-4559-B387-9B1F49105EC2}.Debug|Any CPU.ActiveCfg = Debug|Any CPU
		{2F6BE947-CD69-4559-B387-9B1F49105EC2}.Debug|Any CPU.Build.0 = Debug|Any CPU
		{2F6BE947-CD69-4559-B387-9B1F49105EC2}.Release|Any CPU.ActiveCfg = Release|Any CPU
		{2F6BE947-CD69-4559-B387-9B1F49105EC2}.Release|Any CPU.Build.0 = Release|Any CPU
	EndGlobalSection
	GlobalSection(SolutionProperties) = preSolution
		HideSolutionNode = FALSE
	EndGlobalSection
	GlobalSection(ExtensibilityGlobals) = postSolution
		SolutionGuid = {618B0A50-A60E-47F5-A389-AD969DAA5C26}
	EndGlobalSection
EndGlobal
